
Microsoft Visual Studio Solution File, Format Version 12.00
# Visual Studio Version 17
VisualStudioVersion = 17.13.35913.81 d17.13
MinimumVisualStudioVersion = 10.0.40219.1
Project("{FAE04EC0-301F-11D3-BF4B-00C04F79EFBC}") = "MethodOverriding", "MethodOverriding\MethodOverriding.csproj", "{16A1D354-5DDF-4786-9831-45C6B7782D8D}"
EndProject
Global
	GlobalSection(SolutionConfigurationPlatforms) = preSolution
		Debug|Any CPU = Debug|Any CPU
		Release|Any CPU = Release|Any CPU
	EndGlobalSection
	GlobalSection(ProjectConfigurationPlatforms) = postSolution
		{16A1D354-5DDF-4786-9831-45C6B7782D8D}.Debug|Any CPU.ActiveCfg = Debug|Any CPU
		{16A1D354-5DDF-4786-9831-45C6B7782D8D}.Debug|Any CPU.Build.0 = Debug|Any CPU
		{16A1D354-5DDF-4786-9831-45C6B7782D8D}.Release|Any CPU.ActiveCfg = Release|Any CPU
		{16A1D354-5DDF-4786-9831-45C6B7782D8D}.Release|Any CPU.Build.0 = Release|Any CPU
	EndGlobalSection
	GlobalSection(SolutionProperties) = preSolution
		HideSolutionNode = FALSE
	EndGlobalSection
	GlobalSection(ExtensibilityGlobals) = postSolution
		SolutionGuid = {36E230D5-DA75-49C1-943E-CB638B603EF4}
	EndGlobalSection
EndGlobal
