
Microsoft Visual Studio Solution File, Format Version 12.00
# Visual Studio Version 17
VisualStudioVersion = 17.13.35913.81 d17.13
MinimumVisualStudioVersion = 10.0.40219.1
Project("{FAE04EC0-301F-11D3-BF4B-00C04F79EFBC}") = "AdminProjectYT", "AdminProjectYT\AdminProjectYT.csproj", "{B1AF468C-2245-4C13-AFEB-1A05D98775D6}"
EndProject
Global
	GlobalSection(SolutionConfigurationPlatforms) = preSolution
		Debug|Any CPU = Debug|Any CPU
		Release|Any CPU = Release|Any CPU
	EndGlobalSection
	GlobalSection(ProjectConfigurationPlatforms) = postSolution
		{B1AF468C-2245-4C13-AFEB-1A05D98775D6}.Debug|Any CPU.ActiveCfg = Debug|Any CPU
		{B1AF468C-2245-4C13-AFEB-1A05D98775D6}.Debug|Any CPU.Build.0 = Debug|Any CPU
		{B1AF468C-2245-4C13-AFEB-1A05D98775D6}.Release|Any CPU.ActiveCfg = Release|Any CPU
		{B1AF468C-2245-4C13-AFEB-1A05D98775D6}.Release|Any CPU.Build.0 = Release|Any CPU
	EndGlobalSection
	GlobalSection(SolutionProperties) = preSolution
		HideSolutionNode = FALSE
	EndGlobalSection
	GlobalSection(ExtensibilityGlobals) = postSolution
		SolutionGuid = {9A022C0A-8C78-4EB0-AEB2-800A86CD70A5}
	EndGlobalSection
EndGlobal
